<?xml version="1.0" encoding="utf-8"?>
<Project ToolsVersion="4.0" xmlns="http://schemas.microsoft.com/developer/msbuild/2003">
  <ItemGroup>
    <Filter Include="src">
      <UniqueIdentifier>{4FC737F1-C7A5-4376-A066-2A32D752A2FF}</UniqueIdentifier>
      <Extensions>cpp;c;cc;cxx;def;odl;idl;hpj;bat;asm;asmx</Extensions>
    </Filter>
  </ItemGroup>
  <ItemGroup>
    <ClCompile Include="..\src\engine\materialload.cpp">
      <Filter>src</Filter>
    </ClCompile>
    <ClCompile Include="..\src\engine\resource.cpp">
      <Filter>src</Filter>
    </ClCompile>
    <ClCompile Include="..\src\engine\soundclipload.cpp">
      <Filter>src</Filter>
    </ClCompile>
    <ClCompile Include="..\src\engine\codec.cpp">
      <Filter>src</Filter>
    </ClCompile>
    <ClCompile Include="..\src\engine\pixelformat.cpp">
      <Filter>src</Filter>
    </ClCompile>
    <ClCompile Include="..\src\engine\meshload.cpp">
      <Filter>src</Filter>
    </ClCompile>
    <ClCompile Include="..\src\engine\filesystem.cpp">
      <Filter>src</Filter>
    </ClCompile>
  </ItemGroup>
  <ItemGroup>
    <ClInclude Include="..\src\engine\codec.h">
      <Filter>src</Filter>
    </ClInclude>
    <ClInclude Include="..\src\engine\resource.h">
      <Filter>src</Filter>
    </ClInclude>
    <ClInclude Include="..\src\engine\pixelformat.h">
      <Filter>src</Filter>
    </ClInclude>
    <ClInclude Include="..\src\engine\filesystem.h">
      <Filter>src</Filter>
    </ClInclude>
  </ItemGroup>
</Project>